{
  "requires": true,
  "lockfileVersion": 1,
  "dependencies": {
    "async": {
      "version": "3.2.2",
      "resolved": "https://registry.npmjs.org/async/-/async-3.2.2.tgz",
      "integrity": "sha512-H0E+qZaDEfx/FY4t7iLRv1W2fFI6+pyCeTw1uN20AQPiwqwM6ojPxHxdLv4z8hi2DtnW9BOckSspLucW7pIE5g=="
    },
    "axios": {
      "version": "0.24.0",
      "resolved": "https://registry.npmjs.org/axios/-/axios-0.24.0.tgz",
      "integrity": "sha512-Q6cWsys88HoPgAaFAVUb0WpPk0O8iTeisR9IMqy9G8AbO4NlpVknrnQS03zzF9PGAWgO3cgletO3VjV/P7VztA==",
      "requires": {
        "follow-redirects": "^1.14.4"
      }
    },
    "coffeescript": {
      "version": "2.5.0",
      "resolved": "https://registry.npmjs.org/coffeescript/-/coffeescript-2.5.0.tgz",
      "integrity": "sha512-RgTKZhAeKVFuGtce/d3U1x1h5W75AoYFQszNlGrtSIbexC9jowaZo574uUvc9zoNQSDLMWXVtsus9usMtbFU+w==",
      "dev": true
    },
    "esutils": {
      "version": "2.0.3",
      "resolved": "https://registry.npmjs.org/esutils/-/esutils-2.0.3.tgz",
      "integrity": "sha512-kVscqXk4OCp68SZ0dkgEKVi6/8ij300KBWTJq32P/dYeWTSwK41WyTxalN1eRmA5Z9UU/LX9D7FWSmV9SAYx6g==",
      "dev": true
    },
    "follow-redirects": {
      "version": "1.14.5",
      "resolved": "https://registry.npmjs.org/follow-redirects/-/follow-redirects-1.14.5.tgz",
      "integrity": "sha512-wtphSXy7d4/OR+MvIFbCVBDzZ5520qV8XfPklSN5QtxuMUJZ+b0Wnst1e1lCDocfzuCkHqj8k0FpZqO+UIaKNA=="
    },
    "prettier": {
      "version": "github:helixbass/prettier#1396f0979c6f6395e70384945a38888af23db6e0",
      "from": "github:helixbass/prettier#prettier-v2.1.0-dev.100-gitpkg",
      "dev": true
    },
    "prettier-plugin-coffeescript": {
      "version": "0.1.5",
      "resolved": "https://registry.npmjs.org/prettier-plugin-coffeescript/-/prettier-plugin-coffeescript-0.1.5.tgz",
      "integrity": "sha512-xezyA/aQH2P9SyPQU2VMkcPdkq4Ekc8gI+hmnP/noJBJfPwSoFZHcwapWfEDTlOq8BxZ9bqdPHzdZf2jQ9m2Cg==",
      "dev": true,
      "requires": {
        "coffeescript": "^2.5.0",
        "esutils": "^2.0.2",
        "prettier": "github:helixbass/prettier#prettier-v2.1.0-dev.100-gitpkg"
      }
    }
  }
}
